
Microsoft Visual Studio Solution File, Format Version 12.00
# Visual Studio Version 17
VisualStudioVersion = 17.10.35122.118
MinimumVisualStudioVersion = 10.0.40219.1
Project("{FAE04EC0-301F-11D3-BF4B-00C04F79EFBC}") = "Sec21_Assign44_CustomGenericClasses", "Sec21_Assign44_CustomGenericClasses\Sec21_Assign44_CustomGenericClasses.csproj", "{751313C2-E6DD-4A1D-A759-380940BB8432}"
EndProject
Project("{FAE04EC0-301F-11D3-BF4B-00C04F79EFBC}") = "ClassLibrary1", "ClassLibrary1\ClassLibrary1.csproj", "{B3B983B4-30EE-40B0-BEE6-CCE569B57F69}"
EndProject
Global
	GlobalSection(SolutionConfigurationPlatforms) = preSolution
		Debug|Any CPU = Debug|Any CPU
		Release|Any CPU = Release|Any CPU
	EndGlobalSection
	GlobalSection(ProjectConfigurationPlatforms) = postSolution
		{751313C2-E6DD-4A1D-A759-380940BB8432}.Debug|Any CPU.ActiveCfg = Debug|Any CPU
		{751313C2-E6DD-4A1D-A759-380940BB8432}.Debug|Any CPU.Build.0 = Debug|Any CPU
		{751313C2-E6DD-4A1D-A759-380940BB8432}.Release|Any CPU.ActiveCfg = Release|Any CPU
		{751313C2-E6DD-4A1D-A759-380940BB8432}.Release|Any CPU.Build.0 = Release|Any CPU
		{B3B983B4-30EE-40B0-BEE6-CCE569B57F69}.Debug|Any CPU.ActiveCfg = Debug|Any CPU
		{B3B983B4-30EE-40B0-BEE6-CCE569B57F69}.Debug|Any CPU.Build.0 = Debug|Any CPU
		{B3B983B4-30EE-40B0-BEE6-CCE569B57F69}.Release|Any CPU.ActiveCfg = Release|Any CPU
		{B3B983B4-30EE-40B0-BEE6-CCE569B57F69}.Release|Any CPU.Build.0 = Release|Any CPU
	EndGlobalSection
	GlobalSection(SolutionProperties) = preSolution
		HideSolutionNode = FALSE
	EndGlobalSection
	GlobalSection(ExtensibilityGlobals) = postSolution
		SolutionGuid = {E1A61FF6-1AD9-4B7B-9EF4-16BEE06E2A55}
	EndGlobalSection
EndGlobal
